
Microsoft Visual Studio Solution File, Format Version 12.00
# Visual Studio Version 17
VisualStudioVersion = 17.0.32112.339
MinimumVisualStudioVersion = 10.0.40219.1
Project("{8BC9CEB8-8B4A-11D0-8D11-00A0C91BC942}") = "BurgerTime", "BurgerTime\BurgerTime.vcxproj", "{11AA8515-5634-4A9F-9001-2C67AA4A6FEA}"
	ProjectSection(ProjectDependencies) = postProject
		{41B0EC47-D48C-4B0F-951B-D98595FFAE0A} = {41B0EC47-D48C-4B0F-951B-D98595FFAE0A}
	EndProjectSection
EndProject
Project("{8BC9CEB8-8B4A-11D0-8D11-00A0C91BC942}") = "MorrogEngine", "MorrogEngine\MorrogEngine.vcxproj", "{41B0EC47-D48C-4B0F-951B-D98595FFAE0A}"
EndProject
Global
	GlobalSection(SolutionConfigurationPlatforms) = preSolution
		Debug|x64 = Debug|x64
		Debug|x86 = Debug|x86
		Release|x64 = Release|x64
		Release|x86 = Release|x86
	EndGlobalSection
	GlobalSection(ProjectConfigurationPlatforms) = postSolution
		{11AA8515-5634-4A9F-9001-2C67AA4A6FEA}.Debug|x64.ActiveCfg = Debug|x64
		{11AA8515-5634-4A9F-9001-2C67AA4A6FEA}.Debug|x64.Build.0 = Debug|x64
		{11AA8515-5634-4A9F-9001-2C67AA4A6FEA}.Debug|x86.ActiveCfg = Debug|Win32
		{11AA8515-5634-4A9F-9001-2C67AA4A6FEA}.Debug|x86.Build.0 = Debug|Win32
		{11AA8515-5634-4A9F-9001-2C67AA4A6FEA}.Release|x64.ActiveCfg = Release|x64
		{11AA8515-5634-4A9F-9001-2C67AA4A6FEA}.Release|x64.Build.0 = Release|x64
		{11AA8515-5634-4A9F-9001-2C67AA4A6FEA}.Release|x86.ActiveCfg = Release|Win32
		{11AA8515-5634-4A9F-9001-2C67AA4A6FEA}.Release|x86.Build.0 = Release|Win32
		{41B0EC47-D48C-4B0F-951B-D98595FFAE0A}.Debug|x64.ActiveCfg = Debug|x64
		{41B0EC47-D48C-4B0F-951B-D98595FFAE0A}.Debug|x64.Build.0 = Debug|x64
		{41B0EC47-D48C-4B0F-951B-D98595FFAE0A}.Debug|x86.ActiveCfg = Debug|Win32
		{41B0EC47-D48C-4B0F-951B-D98595FFAE0A}.Debug|x86.Build.0 = Debug|Win32
		{41B0EC47-D48C-4B0F-951B-D98595FFAE0A}.Release|x64.ActiveCfg = Release|x64
		{41B0EC47-D48C-4B0F-951B-D98595FFAE0A}.Release|x64.Build.0 = Release|x64
		{41B0EC47-D48C-4B0F-951B-D98595FFAE0A}.Release|x86.ActiveCfg = Release|Win32
		{41B0EC47-D48C-4B0F-951B-D98595FFAE0A}.Release|x86.Build.0 = Release|Win32
	EndGlobalSection
	GlobalSection(SolutionProperties) = preSolution
		HideSolutionNode = FALSE
	EndGlobalSection
	GlobalSection(ExtensibilityGlobals) = postSolution
		SolutionGuid = {0EC5898B-D2F2-4193-AC86-1A61B49691D6}
	EndGlobalSection
EndGlobal
