<?xml version="1.0" encoding="utf-8"?>
<Project ToolsVersion="4.0" xmlns="http://schemas.microsoft.com/developer/msbuild/2003">
  <ItemGroup>
    <Filter Include="EngineCore">
      <UniqueIdentifier>{ecd5b4af-f842-4dd4-a659-7995934cef73}</UniqueIdentifier>
    </Filter>
    <Filter Include="ImGuiLib">
      <UniqueIdentifier>{00f4385e-6450-4410-9db0-2c67631830e8}</UniqueIdentifier>
    </Filter>
    <Filter Include="ImGuiLib\Backends">
      <UniqueIdentifier>{d7fd80d6-b193-468f-885a-c3f4291a04d9}</UniqueIdentifier>
    </Filter>
    <Filter Include="ImGuiLib\Plots">
      <UniqueIdentifier>{35beed4f-18c8-4227-9068-5db624102f4c}</UniqueIdentifier>
    </Filter>
    <Filter Include="ImGuiImpl">
      <UniqueIdentifier>{3eea3f34-a969-4d90-9acb-d13660b69721}</UniqueIdentifier>
    </Filter>
    <Filter Include="EngineCore\Input">
      <UniqueIdentifier>{615d0c5c-d8a2-4b8a-b193-9b9fceb0bf8d}</UniqueIdentifier>
    </Filter>
    <Filter Include="EngineCore\GameObject">
      <UniqueIdentifier>{0f925781-cb9c-4554-85b3-322c45532722}</UniqueIdentifier>
    </Filter>
    <Filter Include="EngineCore\GameObject\Component">
      <UniqueIdentifier>{0b2fe52c-c0aa-4b55-874f-bef34e75c584}</UniqueIdentifier>
    </Filter>
    <Filter Include="HelperClasses">
      <UniqueIdentifier>{de32b929-3c6d-4b9e-8ec9-d27f4548979a}</UniqueIdentifier>
    </Filter>
    <Filter Include="ImGuiImpl\Components">
      <UniqueIdentifier>{567f36fd-22a2-43e8-bfa8-743820440668}</UniqueIdentifier>
    </Filter>
    <Filter Include="ImGuiImpl\Components\Base">
      <UniqueIdentifier>{3932b226-5011-4a8d-ac23-c6b5c9635c89}</UniqueIdentifier>
    </Filter>
    <Filter Include="OutsideEngine">
      <UniqueIdentifier>{2f57e005-ba1a-4c20-9e9e-637203b62661}</UniqueIdentifier>
    </Filter>
    <Filter Include="OutsideEngine\GameComponents">
      <UniqueIdentifier>{1809bd8c-f8b3-48a1-af0a-acba638e2dd1}</UniqueIdentifier>
    </Filter>
    <Filter Include="EngineCore\Input\Commands">
      <UniqueIdentifier>{e7318aa0-a91b-474d-80f5-7c0176c7b971}</UniqueIdentifier>
    </Filter>
  </ItemGroup>
  <ItemGroup>
    <ClInclude Include="Component.h">
      <Filter>EngineCore\GameObject\Component</Filter>
    </ClInclude>
    <ClInclude Include="GameObject.h">
      <Filter>EngineCore\GameObject</Filter>
    </ClInclude>
    <ClInclude Include="FpsComponent.h">
      <Filter>OutsideEngine\GameComponents</Filter>
    </ClInclude>
    <ClInclude Include="TextComponent.h">
      <Filter>OutsideEngine\GameComponents</Filter>
    </ClInclude>
    <ClInclude Include="RenderComponent.h">
      <Filter>OutsideEngine\GameComponents</Filter>
    </ClInclude>
    <ClInclude Include="RotateAroundParentComponent.h">
      <Filter>OutsideEngine\GameComponents</Filter>
    </ClInclude>
    <ClInclude Include="Font.h">
      <Filter>HelperClasses</Filter>
    </ClInclude>
    <ClInclude Include="Texture2D.h">
      <Filter>HelperClasses</Filter>
    </ClInclude>
    <ClInclude Include="..\3rdParty\imgui\imconfig.h">
      <Filter>ImGuiLib</Filter>
    </ClInclude>
    <ClInclude Include="..\3rdParty\imgui\imgui.h">
      <Filter>ImGuiLib</Filter>
    </ClInclude>
    <ClInclude Include="..\3rdParty\imgui\imgui_internal.h">
      <Filter>ImGuiLib</Filter>
    </ClInclude>
    <ClInclude Include="..\3rdParty\imgui\imstb_rectpack.h">
      <Filter>ImGuiLib</Filter>
    </ClInclude>
    <ClInclude Include="..\3rdParty\imgui\imstb_textedit.h">
      <Filter>ImGuiLib</Filter>
    </ClInclude>
    <ClInclude Include="..\3rdParty\imgui\imstb_truetype.h">
      <Filter>ImGuiLib</Filter>
    </ClInclude>
    <ClInclude Include="..\3rdParty\imgui\backends\imgui_impl_opengl3.h">
      <Filter>ImGuiLib\Backends</Filter>
    </ClInclude>
    <ClInclude Include="..\3rdParty\imgui\backends\imgui_impl_sdl2.h">
      <Filter>ImGuiLib\Backends</Filter>
    </ClInclude>
    <ClInclude Include="Transform.h">
      <Filter>HelperClasses</Filter>
    </ClInclude>
    <ClInclude Include="Timer.h">
      <Filter>HelperClasses</Filter>
    </ClInclude>
    <ClInclude Include="Singleton.h">
      <Filter>HelperClasses</Filter>
    </ClInclude>
    <ClInclude Include="Engine.h">
      <Filter>EngineCore</Filter>
    </ClInclude>
    <ClInclude Include="Renderer.h">
      <Filter>EngineCore</Filter>
    </ClInclude>
    <ClInclude Include="Scene.h">
      <Filter>EngineCore</Filter>
    </ClInclude>
    <ClInclude Include="..\3rdParty\imgui\imgui_plot.h">
      <Filter>ImGuiLib\Plots</Filter>
    </ClInclude>
    <ClInclude Include="ImGuiRenderer.h">
      <Filter>ImGuiImpl</Filter>
    </ClInclude>
    <ClInclude Include="SceneManager.h">
      <Filter>EngineCore</Filter>
    </ClInclude>
    <ClInclude Include="InputManager.h">
      <Filter>EngineCore\Input</Filter>
    </ClInclude>
    <ClInclude Include="ResourceManager.h">
      <Filter>EngineCore</Filter>
    </ClInclude>
    <ClInclude Include="ImGuiComponent.h">
      <Filter>ImGuiImpl\Components\Base</Filter>
    </ClInclude>
    <ClInclude Include="ImGuiExercise1.h">
      <Filter>ImGuiImpl\Components</Filter>
    </ClInclude>
    <ClInclude Include="ImGuiExercise2.h">
      <Filter>ImGuiImpl\Components</Filter>
    </ClInclude>
    <ClInclude Include="Controller.h">
      <Filter>EngineCore\Input</Filter>
    </ClInclude>
    <ClInclude Include="Command.h">
      <Filter>EngineCore\Input\Commands</Filter>
    </ClInclude>
    <ClInclude Include="KeyboardMouse.h">
      <Filter>EngineCore\Input</Filter>
    </ClInclude>
  </ItemGroup>
  <ItemGroup>
    <ClCompile Include="Component.cpp">
      <Filter>EngineCore\GameObject\Component</Filter>
    </ClCompile>
    <ClCompile Include="GameObject.cpp">
      <Filter>EngineCore\GameObject</Filter>
    </ClCompile>
    <ClCompile Include="FpsComponent.cpp">
      <Filter>OutsideEngine\GameComponents</Filter>
    </ClCompile>
    <ClCompile Include="TextComponent.cpp">
      <Filter>OutsideEngine\GameComponents</Filter>
    </ClCompile>
    <ClCompile Include="RenderComponent.cpp">
      <Filter>OutsideEngine\GameComponents</Filter>
    </ClCompile>
    <ClCompile Include="RotateAroundParentComponent.cpp">
      <Filter>OutsideEngine\GameComponents</Filter>
    </ClCompile>
    <ClCompile Include="Font.cpp">
      <Filter>HelperClasses</Filter>
    </ClCompile>
    <ClCompile Include="Texture2D.cpp">
      <Filter>HelperClasses</Filter>
    </ClCompile>
    <ClCompile Include="..\3rdParty\imgui\imgui.cpp">
      <Filter>ImGuiLib</Filter>
    </ClCompile>
    <ClCompile Include="..\3rdParty\imgui\imgui_demo.cpp">
      <Filter>ImGuiLib</Filter>
    </ClCompile>
    <ClCompile Include="..\3rdParty\imgui\imgui_draw.cpp">
      <Filter>ImGuiLib</Filter>
    </ClCompile>
    <ClCompile Include="..\3rdParty\imgui\imgui_tables.cpp">
      <Filter>ImGuiLib</Filter>
    </ClCompile>
    <ClCompile Include="..\3rdParty\imgui\imgui_widgets.cpp">
      <Filter>ImGuiLib</Filter>
    </ClCompile>
    <ClCompile Include="..\3rdParty\imgui\backends\imgui_impl_opengl3.cpp">
      <Filter>ImGuiLib\Backends</Filter>
    </ClCompile>
    <ClCompile Include="..\3rdParty\imgui\backends\imgui_impl_sdl2.cpp">
      <Filter>ImGuiLib\Backends</Filter>
    </ClCompile>
    <ClCompile Include="Transform.cpp">
      <Filter>HelperClasses</Filter>
    </ClCompile>
    <ClCompile Include="Timer.cpp">
      <Filter>HelperClasses</Filter>
    </ClCompile>
    <ClCompile Include="Engine.cpp">
      <Filter>EngineCore</Filter>
    </ClCompile>
    <ClCompile Include="Renderer.cpp">
      <Filter>EngineCore</Filter>
    </ClCompile>
    <ClCompile Include="Scene.cpp">
      <Filter>EngineCore</Filter>
    </ClCompile>
    <ClCompile Include="..\3rdParty\imgui\imgui_plot.cpp">
      <Filter>ImGuiLib\Plots</Filter>
    </ClCompile>
    <ClCompile Include="ImGuiRenderer.cpp">
      <Filter>ImGuiImpl</Filter>
    </ClCompile>
    <ClCompile Include="SceneManager.cpp">
      <Filter>EngineCore</Filter>
    </ClCompile>
    <ClCompile Include="InputManager.cpp">
      <Filter>EngineCore\Input</Filter>
    </ClCompile>
    <ClCompile Include="ResourceManager.cpp">
      <Filter>EngineCore</Filter>
    </ClCompile>
    <ClCompile Include="ImGuiExercise1.cpp">
      <Filter>ImGuiImpl\Components</Filter>
    </ClCompile>
    <ClCompile Include="ImGuiExercise2.cpp">
      <Filter>ImGuiImpl\Components</Filter>
    </ClCompile>
    <ClCompile Include="Controller.cpp">
      <Filter>EngineCore\Input</Filter>
    </ClCompile>
    <ClCompile Include="Main.cpp">
      <Filter>OutsideEngine</Filter>
    </ClCompile>
    <ClCompile Include="KeyboardMouse.cpp">
      <Filter>EngineCore\Input</Filter>
    </ClCompile>
  </ItemGroup>
</Project>