<?xml version="1.0" encoding="utf-8"?>
<Project ToolsVersion="4.0" xmlns="http://schemas.microsoft.com/developer/msbuild/2003">
  <ItemGroup>
    <Filter Include="GameSourceFile">
      <UniqueIdentifier>{fd8ef3e1-f490-4eb6-ab12-eedf275fec16}</UniqueIdentifier>
    </Filter>
    <Filter Include="GameSourceFile\GameComponents">
      <UniqueIdentifier>{b9df6c9f-2cbd-4694-877c-93ac29035e28}</UniqueIdentifier>
    </Filter>
    <Filter Include="GameSourceFile\GameComponents\Player">
      <UniqueIdentifier>{b65c40cb-c852-43bd-b5ee-45aa622a571f}</UniqueIdentifier>
    </Filter>
    <Filter Include="GameSourceFile\GameComponents\Components">
      <UniqueIdentifier>{05905aed-ee9a-4020-9016-40fa061eca1e}</UniqueIdentifier>
    </Filter>
    <Filter Include="GameSourceFile\GameComponents\Level">
      <UniqueIdentifier>{164bd2de-8825-4543-9753-f97bea553e38}</UniqueIdentifier>
    </Filter>
    <Filter Include="GameSourceFile\ImGuiComponents">
      <UniqueIdentifier>{4ac8d8a7-d74d-42ab-a072-905ae9ed9927}</UniqueIdentifier>
    </Filter>
    <Filter Include="GameSourceFile\Input">
      <UniqueIdentifier>{78a75e69-5e8e-46ce-b52a-88b06b4c71e5}</UniqueIdentifier>
    </Filter>
    <Filter Include="GameSourceFile\Managers">
      <UniqueIdentifier>{40c4646a-7d94-48c7-9e5b-37efecbe46a7}</UniqueIdentifier>
    </Filter>
    <Filter Include="GameSourceFile\Sound">
      <UniqueIdentifier>{6dc81e25-a306-4aba-9dd3-ef4120db942a}</UniqueIdentifier>
    </Filter>
    <Filter Include="GameSourceFile\GameComponents\Player\States">
      <UniqueIdentifier>{25a55148-919e-460f-94d1-3a797a4728a9}</UniqueIdentifier>
    </Filter>
    <Filter Include="GameSourceFile\GameComponents\Player\States\Basics">
      <UniqueIdentifier>{b633d08e-507a-4713-845e-091e4347f304}</UniqueIdentifier>
    </Filter>
    <Filter Include="GameSourceFile\GameComponents\Burgers">
      <UniqueIdentifier>{3ecaa65a-676b-4c30-bdfd-843030105625}</UniqueIdentifier>
    </Filter>
    <Filter Include="GameSourceFile\GameIDs">
      <UniqueIdentifier>{a9f34c47-cec2-47e4-b4f9-26dffa028613}</UniqueIdentifier>
    </Filter>
    <Filter Include="GameSourceFile\GameComponents\UI">
      <UniqueIdentifier>{5ef7fd64-31ec-4469-9962-5164a5430bc9}</UniqueIdentifier>
    </Filter>
    <Filter Include="GameSourceFile\Input\UI">
      <UniqueIdentifier>{7a65df33-82d7-4bfd-97e1-b5f4eccc5057}</UniqueIdentifier>
    </Filter>
    <Filter Include="GameSourceFile\GameComponents\Enemies">
      <UniqueIdentifier>{a0152f0f-fa62-41e5-826a-fd20f74b26b0}</UniqueIdentifier>
    </Filter>
    <Filter Include="GameSourceFile\GameComponents\Enemies\States">
      <UniqueIdentifier>{3850b21f-840f-4a8e-8824-a85654c4dcd7}</UniqueIdentifier>
    </Filter>
    <Filter Include="GameSourceFile\GameComponents\Enemies\States\Basics">
      <UniqueIdentifier>{ff39d02f-cfcf-445f-b8d3-76bfd8ce84b0}</UniqueIdentifier>
    </Filter>
  </ItemGroup>
  <ItemGroup>
    <ClCompile Include="ImGuiExercise1.cpp">
      <Filter>GameSourceFile\ImGuiComponents</Filter>
    </ClCompile>
    <ClCompile Include="ImGuiExercise2.cpp">
      <Filter>GameSourceFile\ImGuiComponents</Filter>
    </ClCompile>
    <ClCompile Include="PlayerStats.cpp">
      <Filter>GameSourceFile\GameComponents\Player</Filter>
    </ClCompile>
    <ClCompile Include="Player.cpp">
      <Filter>GameSourceFile\GameComponents\Player</Filter>
    </ClCompile>
    <ClCompile Include="HealthComponent.cpp">
      <Filter>GameSourceFile\GameComponents\Components</Filter>
    </ClCompile>
    <ClCompile Include="RotateAroundParentComponent.cpp">
      <Filter>GameSourceFile\GameComponents\Components</Filter>
    </ClCompile>
    <ClCompile Include="LevelRenderer.cpp">
      <Filter>GameSourceFile\GameComponents\Level</Filter>
    </ClCompile>
    <ClCompile Include="LevelCollision.cpp">
      <Filter>GameSourceFile\GameComponents\Level</Filter>
    </ClCompile>
    <ClCompile Include="Level.cpp">
      <Filter>GameSourceFile\GameComponents\Level</Filter>
    </ClCompile>
    <ClCompile Include="LevelManager.cpp">
      <Filter>GameSourceFile\Managers</Filter>
    </ClCompile>
    <ClCompile Include="SoundEventHandler.cpp">
      <Filter>GameSourceFile\Sound</Filter>
    </ClCompile>
    <ClCompile Include="GameManager.cpp">
      <Filter>GameSourceFile\Managers</Filter>
    </ClCompile>
    <ClCompile Include="Animation.cpp">
      <Filter>GameSourceFile\GameComponents\Components</Filter>
    </ClCompile>
    <ClCompile Include="Main.cpp">
      <Filter>GameSourceFile</Filter>
    </ClCompile>
    <ClCompile Include="PlayerWalkState.cpp">
      <Filter>GameSourceFile\GameComponents\Player\States</Filter>
    </ClCompile>
    <ClCompile Include="PlayerAttackState.cpp">
      <Filter>GameSourceFile\GameComponents\Player\States</Filter>
    </ClCompile>
    <ClCompile Include="PlayerDieState.cpp">
      <Filter>GameSourceFile\GameComponents\Player\States</Filter>
    </ClCompile>
    <ClCompile Include="PlayerWinState.cpp">
      <Filter>GameSourceFile\GameComponents\Player\States</Filter>
    </ClCompile>
    <ClCompile Include="PlayerStateHandler.cpp">
      <Filter>GameSourceFile\GameComponents\Player\States\Basics</Filter>
    </ClCompile>
    <ClCompile Include="ReloadSceneCommand.h">
      <Filter>GameSourceFile\Input</Filter>
    </ClCompile>
    <ClCompile Include="Burger.cpp">
      <Filter>GameSourceFile\GameComponents\Burgers</Filter>
    </ClCompile>
    <ClCompile Include="PlayerHealthStats.cpp">
      <Filter>GameSourceFile\GameComponents\Player</Filter>
    </ClCompile>
    <ClCompile Include="ListSelection.cpp">
      <Filter>GameSourceFile\GameComponents\UI</Filter>
    </ClCompile>
    <ClCompile Include="Button.cpp">
      <Filter>GameSourceFile\GameComponents\UI</Filter>
    </ClCompile>
    <ClCompile Include="LevelBurgers.cpp">
      <Filter>GameSourceFile\GameComponents\Level</Filter>
    </ClCompile>
    <ClCompile Include="BurgerPart.cpp">
      <Filter>GameSourceFile\GameComponents\Burgers</Filter>
    </ClCompile>
    <ClCompile Include="BurgerHolder.cpp">
      <Filter>GameSourceFile\GameComponents\Burgers</Filter>
    </ClCompile>
    <ClCompile Include="WaitMenu.cpp">
      <Filter>GameSourceFile\GameComponents\Components</Filter>
    </ClCompile>
    <ClCompile Include="Enemy.cpp">
      <Filter>GameSourceFile\GameComponents\Enemies</Filter>
    </ClCompile>
    <ClCompile Include="LevelEnemies.cpp">
      <Filter>GameSourceFile\GameComponents\Level</Filter>
    </ClCompile>
    <ClCompile Include="EnemyStateHandler.cpp">
      <Filter>GameSourceFile\GameComponents\Enemies\States\Basics</Filter>
    </ClCompile>
    <ClCompile Include="EnemyStunState.cpp">
      <Filter>GameSourceFile\GameComponents\Enemies\States</Filter>
    </ClCompile>
    <ClCompile Include="EnemyWalkState.cpp">
      <Filter>GameSourceFile\GameComponents\Enemies\States</Filter>
    </ClCompile>
    <ClCompile Include="EnemyDieState.cpp">
      <Filter>GameSourceFile\GameComponents\Enemies\States</Filter>
    </ClCompile>
    <ClCompile Include="EnemyEndState.cpp">
      <Filter>GameSourceFile\GameComponents\Enemies\States</Filter>
    </ClCompile>
  </ItemGroup>
  <ItemGroup>
    <ClInclude Include="ImGuiExercise1.h">
      <Filter>GameSourceFile\ImGuiComponents</Filter>
    </ClInclude>
    <ClInclude Include="ImGuiExercise2.h">
      <Filter>GameSourceFile\ImGuiComponents</Filter>
    </ClInclude>
    <ClInclude Include="PlayerCommand.h">
      <Filter>GameSourceFile\Input</Filter>
    </ClInclude>
    <ClInclude Include="PlayerMoveCommand.h">
      <Filter>GameSourceFile\Input</Filter>
    </ClInclude>
    <ClInclude Include="PlayerStats.h">
      <Filter>GameSourceFile\GameComponents\Player</Filter>
    </ClInclude>
    <ClInclude Include="Player.h">
      <Filter>GameSourceFile\GameComponents\Player</Filter>
    </ClInclude>
    <ClInclude Include="PlayerStopCommand.h">
      <Filter>GameSourceFile\Input</Filter>
    </ClInclude>
    <ClInclude Include="HealthComponent.h">
      <Filter>GameSourceFile\GameComponents\Components</Filter>
    </ClInclude>
    <ClInclude Include="RotateAroundParentComponent.h">
      <Filter>GameSourceFile\GameComponents\Components</Filter>
    </ClInclude>
    <ClInclude Include="LevelRenderer.h">
      <Filter>GameSourceFile\GameComponents\Level</Filter>
    </ClInclude>
    <ClInclude Include="LevelCollision.h">
      <Filter>GameSourceFile\GameComponents\Level</Filter>
    </ClInclude>
    <ClInclude Include="Level.h">
      <Filter>GameSourceFile\GameComponents\Level</Filter>
    </ClInclude>
    <ClInclude Include="LevelManager.h">
      <Filter>GameSourceFile\Managers</Filter>
    </ClInclude>
    <ClInclude Include="SoundEventHandler.h">
      <Filter>GameSourceFile\Sound</Filter>
    </ClInclude>
    <ClInclude Include="GameManager.h">
      <Filter>GameSourceFile\Managers</Filter>
    </ClInclude>
    <ClInclude Include="NextLevelCommand.h">
      <Filter>GameSourceFile\Input</Filter>
    </ClInclude>
    <ClInclude Include="Animation.h">
      <Filter>GameSourceFile\GameComponents\Components</Filter>
    </ClInclude>
    <ClInclude Include="PlayerWalkState.h">
      <Filter>GameSourceFile\GameComponents\Player\States</Filter>
    </ClInclude>
    <ClInclude Include="PlayerAttackState.h">
      <Filter>GameSourceFile\GameComponents\Player\States</Filter>
    </ClInclude>
    <ClInclude Include="PlayerDieState.h">
      <Filter>GameSourceFile\GameComponents\Player\States</Filter>
    </ClInclude>
    <ClInclude Include="PlayerWinState.h">
      <Filter>GameSourceFile\GameComponents\Player\States</Filter>
    </ClInclude>
    <ClInclude Include="PlayerStateHandler.h">
      <Filter>GameSourceFile\GameComponents\Player\States\Basics</Filter>
    </ClInclude>
    <ClInclude Include="PlayerState.h">
      <Filter>GameSourceFile\GameComponents\Player\States\Basics</Filter>
    </ClInclude>
    <ClInclude Include="KillPlayerCommand.h">
      <Filter>GameSourceFile\Input</Filter>
    </ClInclude>
    <ClInclude Include="Burger.h">
      <Filter>GameSourceFile\GameComponents\Burgers</Filter>
    </ClInclude>
    <ClInclude Include="PlayerAttackCommand.h">
      <Filter>GameSourceFile\Input</Filter>
    </ClInclude>
    <ClInclude Include="WinLevelCommand.h">
      <Filter>GameSourceFile\Input</Filter>
    </ClInclude>
    <ClInclude Include="..\MorrogEngine\EventIDs.h">
      <Filter>GameSourceFile\GameIDs</Filter>
    </ClInclude>
    <ClInclude Include="SoundIDs.h">
      <Filter>GameSourceFile\GameIDs</Filter>
    </ClInclude>
    <ClInclude Include="PlayerHealthStats.h">
      <Filter>GameSourceFile\GameComponents\Player</Filter>
    </ClInclude>
    <ClInclude Include="StartGameCommand.h">
      <Filter>GameSourceFile\Input</Filter>
    </ClInclude>
    <ClInclude Include="ListSelection.h">
      <Filter>GameSourceFile\GameComponents\UI</Filter>
    </ClInclude>
    <ClInclude Include="Button.h">
      <Filter>GameSourceFile\GameComponents\UI</Filter>
    </ClInclude>
    <ClInclude Include="LevelBurgers.h">
      <Filter>GameSourceFile\GameComponents\Level</Filter>
    </ClInclude>
    <ClInclude Include="BurgerPart.h">
      <Filter>GameSourceFile\GameComponents\Burgers</Filter>
    </ClInclude>
    <ClInclude Include="ListNavCommand.h">
      <Filter>GameSourceFile\Input\UI</Filter>
    </ClInclude>
    <ClInclude Include="ListPressCommand.h">
      <Filter>GameSourceFile\Input\UI</Filter>
    </ClInclude>
    <ClInclude Include="BurgerHolder.h">
      <Filter>GameSourceFile\GameComponents\Burgers</Filter>
    </ClInclude>
    <ClInclude Include="QuitGameCommand.h">
      <Filter>GameSourceFile\Input</Filter>
    </ClInclude>
    <ClInclude Include="WaitMenu.h">
      <Filter>GameSourceFile\GameComponents\Components</Filter>
    </ClInclude>
    <ClInclude Include="Enemy.h">
      <Filter>GameSourceFile\GameComponents\Enemies</Filter>
    </ClInclude>
    <ClInclude Include="LevelEnemies.h">
      <Filter>GameSourceFile\GameComponents\Level</Filter>
    </ClInclude>
    <ClInclude Include="EnemyState.h">
      <Filter>GameSourceFile\GameComponents\Enemies\States\Basics</Filter>
    </ClInclude>
    <ClInclude Include="EnemyStateHandler.h">
      <Filter>GameSourceFile\GameComponents\Enemies\States\Basics</Filter>
    </ClInclude>
    <ClInclude Include="EnemyStunState.h">
      <Filter>GameSourceFile\GameComponents\Enemies\States</Filter>
    </ClInclude>
    <ClInclude Include="EnemyWalkState.h">
      <Filter>GameSourceFile\GameComponents\Enemies\States</Filter>
    </ClInclude>
    <ClInclude Include="EnemyDieState.h">
      <Filter>GameSourceFile\GameComponents\Enemies\States</Filter>
    </ClInclude>
    <ClInclude Include="EnemyEndState.h">
      <Filter>GameSourceFile\GameComponents\Enemies\States</Filter>
    </ClInclude>
  </ItemGroup>
</Project>