<?xml version="1.0" encoding="utf-8"?>
<Project ToolsVersion="4.0" xmlns="http://schemas.microsoft.com/developer/msbuild/2003">
  <ItemGroup>
    <Filter Include="EngineCore">
      <UniqueIdentifier>{ecd5b4af-f842-4dd4-a659-7995934cef73}</UniqueIdentifier>
    </Filter>
    <Filter Include="ImGuiLib">
      <UniqueIdentifier>{00f4385e-6450-4410-9db0-2c67631830e8}</UniqueIdentifier>
    </Filter>
    <Filter Include="ImGuiLib\Backends">
      <UniqueIdentifier>{d7fd80d6-b193-468f-885a-c3f4291a04d9}</UniqueIdentifier>
    </Filter>
    <Filter Include="ImGuiLib\Plots">
      <UniqueIdentifier>{35beed4f-18c8-4227-9068-5db624102f4c}</UniqueIdentifier>
    </Filter>
    <Filter Include="ImGuiImpl">
      <UniqueIdentifier>{3eea3f34-a969-4d90-9acb-d13660b69721}</UniqueIdentifier>
    </Filter>
    <Filter Include="EngineCore\Input">
      <UniqueIdentifier>{615d0c5c-d8a2-4b8a-b193-9b9fceb0bf8d}</UniqueIdentifier>
    </Filter>
    <Filter Include="EngineCore\GameObject">
      <UniqueIdentifier>{0f925781-cb9c-4554-85b3-322c45532722}</UniqueIdentifier>
    </Filter>
    <Filter Include="EngineCore\GameObject\Component">
      <UniqueIdentifier>{0b2fe52c-c0aa-4b55-874f-bef34e75c584}</UniqueIdentifier>
    </Filter>
    <Filter Include="EngineCore\Scenes">
      <UniqueIdentifier>{adad4fa5-199e-48b9-95de-23be5ed125f2}</UniqueIdentifier>
    </Filter>
    <Filter Include="EngineCore\Rendering">
      <UniqueIdentifier>{373017c7-5d43-4380-a1ea-c634272781af}</UniqueIdentifier>
    </Filter>
    <Filter Include="EngineCore\Resources">
      <UniqueIdentifier>{f5ad1cc7-8bb8-4fce-a051-46426697cb1c}</UniqueIdentifier>
    </Filter>
    <Filter Include="EngineCore\Input\Structs">
      <UniqueIdentifier>{28e4b6d3-cbd0-4ab7-b9cb-d6371e8f5fff}</UniqueIdentifier>
    </Filter>
    <Filter Include="EngineCore\Events">
      <UniqueIdentifier>{e0a6564c-4308-49f2-acdb-79cb438fc18f}</UniqueIdentifier>
    </Filter>
    <Filter Include="GameComponents">
      <UniqueIdentifier>{2f57e005-ba1a-4c20-9e9e-637203b62661}</UniqueIdentifier>
    </Filter>
    <Filter Include="EngineCore\Events\EventQueue">
      <UniqueIdentifier>{07504912-428b-4de2-9f1d-bcd9a7a5c43d}</UniqueIdentifier>
    </Filter>
    <Filter Include="EngineCore\Events\ObserverSubject">
      <UniqueIdentifier>{bf9174a9-a210-4031-99a9-f4ee10655771}</UniqueIdentifier>
    </Filter>
    <Filter Include="EngineCore\Sound">
      <UniqueIdentifier>{7698a76c-d79b-47a6-a5f5-0076d08070e7}</UniqueIdentifier>
    </Filter>
    <Filter Include="EngineCore\Font">
      <UniqueIdentifier>{c760d6aa-6627-4234-be09-fdd195dc5d4f}</UniqueIdentifier>
    </Filter>
    <Filter Include="EngineCore\Textures">
      <UniqueIdentifier>{dcb597e6-a249-464d-ad0f-500adc7149ee}</UniqueIdentifier>
    </Filter>
    <Filter Include="EngineCore\Timer">
      <UniqueIdentifier>{e13864a3-bbf0-4545-b925-188cc120b1c1}</UniqueIdentifier>
    </Filter>
    <Filter Include="EngineCore\Singletons">
      <UniqueIdentifier>{cc528522-35aa-4a01-84a2-6dca101b69fa}</UniqueIdentifier>
    </Filter>
    <Filter Include="EngineCore\Sound\SoundAbstractions">
      <UniqueIdentifier>{34d7f648-33ff-4099-9d44-e233ed12d545}</UniqueIdentifier>
    </Filter>
    <Filter Include="EngineCore\StateMachine">
      <UniqueIdentifier>{27afa3df-9fdd-47d7-b50e-68d4827a15e6}</UniqueIdentifier>
    </Filter>
    <Filter Include="Helpers">
      <UniqueIdentifier>{f2ce5a90-ca03-4b19-a717-459d8bfcb90e}</UniqueIdentifier>
    </Filter>
  </ItemGroup>
  <ItemGroup>
    <ClInclude Include="Component.h">
      <Filter>EngineCore\GameObject\Component</Filter>
    </ClInclude>
    <ClInclude Include="GameObject.h">
      <Filter>EngineCore\GameObject</Filter>
    </ClInclude>
    <ClInclude Include="..\3rdParty\imgui\imconfig.h">
      <Filter>ImGuiLib</Filter>
    </ClInclude>
    <ClInclude Include="..\3rdParty\imgui\imgui.h">
      <Filter>ImGuiLib</Filter>
    </ClInclude>
    <ClInclude Include="..\3rdParty\imgui\imgui_internal.h">
      <Filter>ImGuiLib</Filter>
    </ClInclude>
    <ClInclude Include="..\3rdParty\imgui\imstb_rectpack.h">
      <Filter>ImGuiLib</Filter>
    </ClInclude>
    <ClInclude Include="..\3rdParty\imgui\imstb_textedit.h">
      <Filter>ImGuiLib</Filter>
    </ClInclude>
    <ClInclude Include="..\3rdParty\imgui\imstb_truetype.h">
      <Filter>ImGuiLib</Filter>
    </ClInclude>
    <ClInclude Include="..\3rdParty\imgui\backends\imgui_impl_opengl3.h">
      <Filter>ImGuiLib\Backends</Filter>
    </ClInclude>
    <ClInclude Include="..\3rdParty\imgui\backends\imgui_impl_sdl2.h">
      <Filter>ImGuiLib\Backends</Filter>
    </ClInclude>
    <ClInclude Include="Engine.h">
      <Filter>EngineCore</Filter>
    </ClInclude>
    <ClInclude Include="..\3rdParty\imgui\imgui_plot.h">
      <Filter>ImGuiLib\Plots</Filter>
    </ClInclude>
    <ClInclude Include="ImGuiRenderer.h">
      <Filter>ImGuiImpl</Filter>
    </ClInclude>
    <ClInclude Include="InputManager.h">
      <Filter>EngineCore\Input</Filter>
    </ClInclude>
    <ClInclude Include="KeyboardMouse.h">
      <Filter>EngineCore\Input</Filter>
    </ClInclude>
    <ClInclude Include="Scene.h">
      <Filter>EngineCore\Scenes</Filter>
    </ClInclude>
    <ClInclude Include="SceneManager.h">
      <Filter>EngineCore\Scenes</Filter>
    </ClInclude>
    <ClInclude Include="Renderer.h">
      <Filter>EngineCore\Rendering</Filter>
    </ClInclude>
    <ClInclude Include="ResourceManager.h">
      <Filter>EngineCore\Resources</Filter>
    </ClInclude>
    <ClInclude Include="InputStructs.h">
      <Filter>EngineCore\Input\Structs</Filter>
    </ClInclude>
    <ClInclude Include="Command.h">
      <Filter>EngineCore\Input</Filter>
    </ClInclude>
    <ClInclude Include="Controller.h">
      <Filter>EngineCore\Input</Filter>
    </ClInclude>
    <ClInclude Include="ImGuiComponent.h">
      <Filter>ImGuiImpl</Filter>
    </ClInclude>
    <ClInclude Include="FpsComponent.h">
      <Filter>GameComponents</Filter>
    </ClInclude>
    <ClInclude Include="TextureRenderer.h">
      <Filter>GameComponents</Filter>
    </ClInclude>
    <ClInclude Include="EventQueue.h">
      <Filter>EngineCore\Events\EventQueue</Filter>
    </ClInclude>
    <ClInclude Include="Observer.h">
      <Filter>EngineCore\Events\ObserverSubject</Filter>
    </ClInclude>
    <ClInclude Include="Subject.h">
      <Filter>EngineCore\Events\ObserverSubject</Filter>
    </ClInclude>
    <ClInclude Include="EventHandler.h">
      <Filter>EngineCore\Events\EventQueue</Filter>
    </ClInclude>
    <ClInclude Include="Transform.h">
      <Filter>EngineCore\GameObject</Filter>
    </ClInclude>
    <ClInclude Include="Font.h">
      <Filter>EngineCore\Font</Filter>
    </ClInclude>
    <ClInclude Include="Texture2D.h">
      <Filter>EngineCore\Textures</Filter>
    </ClInclude>
    <ClInclude Include="Timer.h">
      <Filter>EngineCore\Timer</Filter>
    </ClInclude>
    <ClInclude Include="Singleton.h">
      <Filter>EngineCore\Singletons</Filter>
    </ClInclude>
    <ClInclude Include="ServiceLocator.h">
      <Filter>EngineCore\Singletons</Filter>
    </ClInclude>
    <ClInclude Include="SoundSystem.h">
      <Filter>EngineCore\Sound</Filter>
    </ClInclude>
    <ClInclude Include="MusicPlayer.h">
      <Filter>EngineCore\Sound\SoundAbstractions</Filter>
    </ClInclude>
    <ClInclude Include="SoundEffect.h">
      <Filter>EngineCore\Sound\SoundAbstractions</Filter>
    </ClInclude>
    <ClInclude Include="SDLSoundSystem.h">
      <Filter>EngineCore\Sound</Filter>
    </ClInclude>
    <ClInclude Include="State.h">
      <Filter>EngineCore\StateMachine</Filter>
    </ClInclude>
    <ClInclude Include="Structs.h">
      <Filter>Helpers</Filter>
    </ClInclude>
    <ClInclude Include="InputCodes.h">
      <Filter>EngineCore\Input\Structs</Filter>
    </ClInclude>
    <ClInclude Include="FontRenderer.h">
      <Filter>GameComponents</Filter>
    </ClInclude>
    <ClInclude Include="Collisions.h">
      <Filter>Helpers</Filter>
    </ClInclude>
  </ItemGroup>
  <ItemGroup>
    <ClCompile Include="Component.cpp">
      <Filter>EngineCore\GameObject\Component</Filter>
    </ClCompile>
    <ClCompile Include="GameObject.cpp">
      <Filter>EngineCore\GameObject</Filter>
    </ClCompile>
    <ClCompile Include="..\3rdParty\imgui\imgui.cpp">
      <Filter>ImGuiLib</Filter>
    </ClCompile>
    <ClCompile Include="..\3rdParty\imgui\imgui_demo.cpp">
      <Filter>ImGuiLib</Filter>
    </ClCompile>
    <ClCompile Include="..\3rdParty\imgui\imgui_draw.cpp">
      <Filter>ImGuiLib</Filter>
    </ClCompile>
    <ClCompile Include="..\3rdParty\imgui\imgui_tables.cpp">
      <Filter>ImGuiLib</Filter>
    </ClCompile>
    <ClCompile Include="..\3rdParty\imgui\imgui_widgets.cpp">
      <Filter>ImGuiLib</Filter>
    </ClCompile>
    <ClCompile Include="..\3rdParty\imgui\backends\imgui_impl_opengl3.cpp">
      <Filter>ImGuiLib\Backends</Filter>
    </ClCompile>
    <ClCompile Include="..\3rdParty\imgui\backends\imgui_impl_sdl2.cpp">
      <Filter>ImGuiLib\Backends</Filter>
    </ClCompile>
    <ClCompile Include="Engine.cpp">
      <Filter>EngineCore</Filter>
    </ClCompile>
    <ClCompile Include="..\3rdParty\imgui\imgui_plot.cpp">
      <Filter>ImGuiLib\Plots</Filter>
    </ClCompile>
    <ClCompile Include="ImGuiRenderer.cpp">
      <Filter>ImGuiImpl</Filter>
    </ClCompile>
    <ClCompile Include="InputManager.cpp">
      <Filter>EngineCore\Input</Filter>
    </ClCompile>
    <ClCompile Include="KeyboardMouse.cpp">
      <Filter>EngineCore\Input</Filter>
    </ClCompile>
    <ClCompile Include="Scene.cpp">
      <Filter>EngineCore\Scenes</Filter>
    </ClCompile>
    <ClCompile Include="SceneManager.cpp">
      <Filter>EngineCore\Scenes</Filter>
    </ClCompile>
    <ClCompile Include="Renderer.cpp">
      <Filter>EngineCore\Rendering</Filter>
    </ClCompile>
    <ClCompile Include="ResourceManager.cpp">
      <Filter>EngineCore\Resources</Filter>
    </ClCompile>
    <ClCompile Include="InputStructs.cpp">
      <Filter>EngineCore\Input\Structs</Filter>
    </ClCompile>
    <ClCompile Include="Controller.cpp">
      <Filter>EngineCore\Input</Filter>
    </ClCompile>
    <ClCompile Include="FpsComponent.cpp">
      <Filter>GameComponents</Filter>
    </ClCompile>
    <ClCompile Include="TextureRenderer.cpp">
      <Filter>GameComponents</Filter>
    </ClCompile>
    <ClCompile Include="EventQueue.cpp">
      <Filter>EngineCore\Events\EventQueue</Filter>
    </ClCompile>
    <ClCompile Include="Subject.cpp">
      <Filter>EngineCore\Events\ObserverSubject</Filter>
    </ClCompile>
    <ClCompile Include="Transform.cpp">
      <Filter>EngineCore\GameObject</Filter>
    </ClCompile>
    <ClCompile Include="Font.cpp">
      <Filter>EngineCore\Font</Filter>
    </ClCompile>
    <ClCompile Include="Texture2D.cpp">
      <Filter>EngineCore\Textures</Filter>
    </ClCompile>
    <ClCompile Include="Timer.cpp">
      <Filter>EngineCore\Timer</Filter>
    </ClCompile>
    <ClCompile Include="MusicPlayer.cpp">
      <Filter>EngineCore\Sound\SoundAbstractions</Filter>
    </ClCompile>
    <ClCompile Include="SoundEffect.cpp">
      <Filter>EngineCore\Sound\SoundAbstractions</Filter>
    </ClCompile>
    <ClCompile Include="SDLSoundSystem.cpp">
      <Filter>EngineCore\Sound</Filter>
    </ClCompile>
    <ClCompile Include="ServiceLocator.cpp">
      <Filter>EngineCore\Singletons</Filter>
    </ClCompile>
    <ClCompile Include="Structs.cpp">
      <Filter>Helpers</Filter>
    </ClCompile>
    <ClCompile Include="FontRenderer.cpp">
      <Filter>GameComponents</Filter>
    </ClCompile>
    <ClCompile Include="Observer.cpp">
      <Filter>EngineCore\Events\ObserverSubject</Filter>
    </ClCompile>
  </ItemGroup>
</Project>